
Microsoft Visual Studio Solution File, Format Version 12.00
# Visual Studio Version 16
VisualStudioVersion = 16.0.29920.165
MinimumVisualStudioVersion = 10.0.40219.1
Project("{FAE04EC0-301F-11D3-BF4B-00C04F79EFBC}") = "WeekendProject.WebSite", "WeekendProject.WebSite\WeekendProject.WebSite.csproj", "{137CAD4E-EB33-410B-B4A4-54591C69084A}"
EndProject
Global
	GlobalSection(SolutionConfigurationPlatforms) = preSolution
		Debug|Any CPU = Debug|Any CPU
		Release|Any CPU = Release|Any CPU
	EndGlobalSection
	GlobalSection(ProjectConfigurationPlatforms) = postSolution
		{137CAD4E-EB33-410B-B4A4-54591C69084A}.Debug|Any CPU.ActiveCfg = Debug|Any CPU
		{137CAD4E-EB33-410B-B4A4-54591C69084A}.Debug|Any CPU.Build.0 = Debug|Any CPU
		{137CAD4E-EB33-410B-B4A4-54591C69084A}.Release|Any CPU.ActiveCfg = Release|Any CPU
		{137CAD4E-EB33-410B-B4A4-54591C69084A}.Release|Any CPU.Build.0 = Release|Any CPU
	EndGlobalSection
	GlobalSection(SolutionProperties) = preSolution
		HideSolutionNode = FALSE
	EndGlobalSection
	GlobalSection(ExtensibilityGlobals) = postSolution
		SolutionGuid = {0D77FC09-6AB2-4FAB-A452-722179C5053A}
	EndGlobalSection
EndGlobal
